# THIS IS AN AUTOGENERATED FILE. DO NOT EDIT THIS FILE DIRECTLY.
# yarn lockfile v1
# bun ./bun.lockb --hash: 0000000000000000-0000000000000000-0000000000000000-0000000000000000


"@babel/code-frame@^7.0.0":
  version "7.27.1"
  resolved "https://nexus.exterieur.dassault-aviation.com:8446/repository/npm-public-releases/@babel/code-frame/-/code-frame-7.27.1.tgz"
  integrity sha512-cjQ7ZlQ0Mv3b47hABuTevyTuYN4i+loJKGeV9flcCgIK37cCXRh+L1bd3iBHlynerhQ7BhCkn2BPbQUL+rGqFg==
  dependencies:
    "@babel/helper-validator-identifier" "^7.27.1"
    js-tokens "^4.0.0"
    picocolors "^1.1.1"

"@babel/helper-validator-identifier@^7.27.1":
  version "7.27.1"
  resolved "https://nexus.exterieur.dassault-aviation.com:8446/repository/npm-public-releases/@babel/helper-validator-identifier/-/helper-validator-identifier-7.27.1.tgz"
  integrity sha512-D2hP9eA+Sqx1kBZgzxZh0y1trbuU+JoDkiEwqhQ36nodYqJwyEIhPSdMNd7lOm/4io72luTPWH20Yda0xOuUow==

"@biomejs/biome@^2.1.2":
  version "2.1.2"
  resolved "https://nexus.exterieur.dassault-aviation.com:8446/repository/npm-public-releases/@biomejs/biome/-/biome-2.1.2.tgz"
  integrity sha512-yq8ZZuKuBVDgAS76LWCfFKHSYIAgqkxVB3mGVVpOe2vSkUTs7xG46zXZeNPRNVjiJuw0SZ3+J2rXiYx0RUpfGg==
  optionalDependencies:
    "@biomejs/cli-win32-x64" "2.1.2"
    "@biomejs/cli-win32-arm64" "2.1.2"
    "@biomejs/cli-darwin-x64" "2.1.2"
    "@biomejs/cli-darwin-arm64" "2.1.2"
    "@biomejs/cli-linux-x64" "2.1.2"
    "@biomejs/cli-linux-arm64" "2.1.2"
    "@biomejs/cli-linux-x64-musl" "2.1.2"
    "@biomejs/cli-linux-arm64-musl" "2.1.2"

"@biomejs/cli-darwin-arm64@2.1.2":
  version "2.1.2"
  resolved "https://nexus.exterieur.dassault-aviation.com:8446/repository/npm-public-releases/@biomejs/cli-darwin-arm64/-/cli-darwin-arm64-2.1.2.tgz"
  integrity sha512-leFAks64PEIjc7MY/cLjE8u5OcfBKkcDB0szxsWUB4aDfemBep1WVKt0qrEyqZBOW8LPHzrFMyDl3FhuuA0E7g==

"@biomejs/cli-darwin-x64@2.1.2":
  version "2.1.2"
  resolved "https://nexus.exterieur.dassault-aviation.com:8446/repository/npm-public-releases/@biomejs/cli-darwin-x64/-/cli-darwin-x64-2.1.2.tgz"
  integrity sha512-Nmmv7wRX5Nj7lGmz0FjnWdflJg4zii8Ivruas6PBKzw5SJX/q+Zh2RfnO+bBnuKLXpj8kiI2x2X12otpH6a32A==

"@biomejs/cli-linux-arm64@2.1.2":
  version "2.1.2"
  resolved "https://nexus.exterieur.dassault-aviation.com:8446/repository/npm-public-releases/@biomejs/cli-linux-arm64/-/cli-linux-arm64-2.1.2.tgz"
  integrity sha512-NWNy2Diocav61HZiv2enTQykbPP/KrA/baS7JsLSojC7Xxh2nl9IczuvE5UID7+ksRy2e7yH7klm/WkA72G1dw==

"@biomejs/cli-linux-arm64-musl@2.1.2":
  version "2.1.2"
  resolved "https://nexus.exterieur.dassault-aviation.com:8446/repository/npm-public-releases/@biomejs/cli-linux-arm64-musl/-/cli-linux-arm64-musl-2.1.2.tgz"
  integrity sha512-qgHvafhjH7Oca114FdOScmIKf1DlXT1LqbOrrbR30kQDLFPEOpBG0uzx6MhmsrmhGiCFCr2obDamu+czk+X0HQ==

"@biomejs/cli-linux-x64@2.1.2":
  version "2.1.2"
  resolved "https://nexus.exterieur.dassault-aviation.com:8446/repository/npm-public-releases/@biomejs/cli-linux-x64/-/cli-linux-x64-2.1.2.tgz"
  integrity sha512-Km/UYeVowygTjpX6sGBzlizjakLoMQkxWbruVZSNE6osuSI63i4uCeIL+6q2AJlD3dxoiBJX70dn1enjQnQqwA==

"@biomejs/cli-linux-x64-musl@2.1.2":
  version "2.1.2"
  resolved "https://nexus.exterieur.dassault-aviation.com:8446/repository/npm-public-releases/@biomejs/cli-linux-x64-musl/-/cli-linux-x64-musl-2.1.2.tgz"
  integrity sha512-xlB3mU14ZUa3wzLtXfmk2IMOGL+S0aHFhSix/nssWS/2XlD27q+S6f0dlQ8WOCbYoXcuz8BCM7rCn2lxdTrlQA==

"@biomejs/cli-win32-arm64@2.1.2":
  version "2.1.2"
  resolved "https://nexus.exterieur.dassault-aviation.com:8446/repository/npm-public-releases/@biomejs/cli-win32-arm64/-/cli-win32-arm64-2.1.2.tgz"
  integrity sha512-G8KWZli5ASOXA3yUQgx+M4pZRv3ND16h77UsdunUL17uYpcL/UC7RkWTdkfvMQvogVsAuz5JUcBDjgZHXxlKoA==

"@biomejs/cli-win32-x64@2.1.2":
  version "2.1.2"
  resolved "https://nexus.exterieur.dassault-aviation.com:8446/repository/npm-public-releases/@biomejs/cli-win32-x64/-/cli-win32-x64-2.1.2.tgz"
  integrity sha512-9zajnk59PMpjBkty3bK2IrjUsUHvqe9HWwyAWQBjGLE7MIBjbX2vwv1XPEhmO2RRuGoTkVx3WCanHrjAytICLA==

"@inquirer/checkbox@^4.1.9":
  version "4.1.9"
  resolved "https://nexus.exterieur.dassault-aviation.com:8446/repository/npm-public-releases/@inquirer/checkbox/-/checkbox-4.1.9.tgz"
  integrity sha512-DBJBkzI5Wx4jFaYm221LHvAhpKYkhVS0k9plqHwaHhofGNxvYB7J3Bz8w+bFJ05zaMb0sZNHo4KdmENQFlNTuQ==
  dependencies:
    "@inquirer/core" "^10.1.14"
    "@inquirer/figures" "^1.0.12"
    "@inquirer/type" "^3.0.7"
    ansi-escapes "^4.3.2"
    yoctocolors-cjs "^2.1.2"

"@inquirer/confirm@^5.1.13":
  version "5.1.13"
  resolved "https://nexus.exterieur.dassault-aviation.com:8446/repository/npm-public-releases/@inquirer/confirm/-/confirm-5.1.13.tgz"
  integrity sha512-EkCtvp67ICIVVzjsquUiVSd+V5HRGOGQfsqA4E4vMWhYnB7InUL0pa0TIWt1i+OfP16Gkds8CdIu6yGZwOM1Yw==
  dependencies:
    "@inquirer/core" "^10.1.14"
    "@inquirer/type" "^3.0.7"

"@inquirer/core@^10.1.14":
  version "10.1.14"
  resolved "https://nexus.exterieur.dassault-aviation.com:8446/repository/npm-public-releases/@inquirer/core/-/core-10.1.14.tgz"
  integrity sha512-Ma+ZpOJPewtIYl6HZHZckeX1STvDnHTCB2GVINNUlSEn2Am6LddWwfPkIGY0IUFVjUUrr/93XlBwTK6mfLjf0A==
  dependencies:
    "@inquirer/figures" "^1.0.12"
    "@inquirer/type" "^3.0.7"
    ansi-escapes "^4.3.2"
    cli-width "^4.1.0"
    mute-stream "^2.0.0"
    signal-exit "^4.1.0"
    wrap-ansi "^6.2.0"
    yoctocolors-cjs "^2.1.2"

"@inquirer/editor@^4.2.14":
  version "4.2.14"
  resolved "https://nexus.exterieur.dassault-aviation.com:8446/repository/npm-public-releases/@inquirer/editor/-/editor-4.2.14.tgz"
  integrity sha512-yd2qtLl4QIIax9DTMZ1ZN2pFrrj+yL3kgIWxm34SS6uwCr0sIhsNyudUjAo5q3TqI03xx4SEBkUJqZuAInp9uA==
  dependencies:
    "@inquirer/core" "^10.1.14"
    "@inquirer/type" "^3.0.7"
    external-editor "^3.1.0"

"@inquirer/expand@^4.0.16":
  version "4.0.16"
  resolved "https://nexus.exterieur.dassault-aviation.com:8446/repository/npm-public-releases/@inquirer/expand/-/expand-4.0.16.tgz"
  integrity sha512-oiDqafWzMtofeJyyGkb1CTPaxUkjIcSxePHHQCfif8t3HV9pHcw1Kgdw3/uGpDvaFfeTluwQtWiqzPVjAqS3zA==
  dependencies:
    "@inquirer/core" "^10.1.14"
    "@inquirer/type" "^3.0.7"
    yoctocolors-cjs "^2.1.2"

"@inquirer/figures@^1.0.12":
  version "1.0.12"
  resolved "https://nexus.exterieur.dassault-aviation.com:8446/repository/npm-public-releases/@inquirer/figures/-/figures-1.0.12.tgz"
  integrity sha512-MJttijd8rMFcKJC8NYmprWr6hD3r9Gd9qUC0XwPNwoEPWSMVJwA2MlXxF+nhZZNMY+HXsWa+o7KY2emWYIn0jQ==

"@inquirer/input@^4.2.0":
  version "4.2.0"
  resolved "https://nexus.exterieur.dassault-aviation.com:8446/repository/npm-public-releases/@inquirer/input/-/input-4.2.0.tgz"
  integrity sha512-opqpHPB1NjAmDISi3uvZOTrjEEU5CWVu/HBkDby8t93+6UxYX0Z7Ps0Ltjm5sZiEbWenjubwUkivAEYQmy9xHw==
  dependencies:
    "@inquirer/core" "^10.1.14"
    "@inquirer/type" "^3.0.7"

"@inquirer/number@^3.0.16":
  version "3.0.16"
  resolved "https://nexus.exterieur.dassault-aviation.com:8446/repository/npm-public-releases/@inquirer/number/-/number-3.0.16.tgz"
  integrity sha512-kMrXAaKGavBEoBYUCgualbwA9jWUx2TjMA46ek+pEKy38+LFpL9QHlTd8PO2kWPUgI/KB+qi02o4y2rwXbzr3Q==
  dependencies:
    "@inquirer/core" "^10.1.14"
    "@inquirer/type" "^3.0.7"

"@inquirer/password@^4.0.16":
  version "4.0.16"
  resolved "https://nexus.exterieur.dassault-aviation.com:8446/repository/npm-public-releases/@inquirer/password/-/password-4.0.16.tgz"
  integrity sha512-g8BVNBj5Zeb5/Y3cSN+hDUL7CsIFDIuVxb9EPty3lkxBaYpjL5BNRKSYOF9yOLe+JOcKFd+TSVeADQ4iSY7rbg==
  dependencies:
    "@inquirer/core" "^10.1.14"
    "@inquirer/type" "^3.0.7"
    ansi-escapes "^4.3.2"

"@inquirer/prompts@^7.6.0":
  version "7.6.0"
  resolved "https://nexus.exterieur.dassault-aviation.com:8446/repository/npm-public-releases/@inquirer/prompts/-/prompts-7.6.0.tgz"
  integrity sha512-jAhL7tyMxB3Gfwn4HIJ0yuJ5pvcB5maYUcouGcgd/ub79f9MqZ+aVnBtuFf+VC2GTkCBF+R+eo7Vi63w5VZlzw==
  dependencies:
    "@inquirer/checkbox" "^4.1.9"
    "@inquirer/confirm" "^5.1.13"
    "@inquirer/editor" "^4.2.14"
    "@inquirer/expand" "^4.0.16"
    "@inquirer/input" "^4.2.0"
    "@inquirer/number" "^3.0.16"
    "@inquirer/password" "^4.0.16"
    "@inquirer/rawlist" "^4.1.4"
    "@inquirer/search" "^3.0.16"
    "@inquirer/select" "^4.2.4"

"@inquirer/rawlist@^4.1.4":
  version "4.1.4"
  resolved "https://nexus.exterieur.dassault-aviation.com:8446/repository/npm-public-releases/@inquirer/rawlist/-/rawlist-4.1.4.tgz"
  integrity sha512-5GGvxVpXXMmfZNtvWw4IsHpR7RzqAR624xtkPd1NxxlV5M+pShMqzL4oRddRkg8rVEOK9fKdJp1jjVML2Lr7TQ==
  dependencies:
    "@inquirer/core" "^10.1.14"
    "@inquirer/type" "^3.0.7"
    yoctocolors-cjs "^2.1.2"

"@inquirer/search@^3.0.16":
  version "3.0.16"
  resolved "https://nexus.exterieur.dassault-aviation.com:8446/repository/npm-public-releases/@inquirer/search/-/search-3.0.16.tgz"
  integrity sha512-POCmXo+j97kTGU6aeRjsPyuCpQQfKcMXdeTMw708ZMtWrj5aykZvlUxH4Qgz3+Y1L/cAVZsSpA+UgZCu2GMOMg==
  dependencies:
    "@inquirer/core" "^10.1.14"
    "@inquirer/figures" "^1.0.12"
    "@inquirer/type" "^3.0.7"
    yoctocolors-cjs "^2.1.2"

"@inquirer/select@^4.2.4":
  version "4.2.4"
  resolved "https://nexus.exterieur.dassault-aviation.com:8446/repository/npm-public-releases/@inquirer/select/-/select-4.2.4.tgz"
  integrity sha512-unTppUcTjmnbl/q+h8XeQDhAqIOmwWYWNyiiP2e3orXrg6tOaa5DHXja9PChCSbChOsktyKgOieRZFnajzxoBg==
  dependencies:
    "@inquirer/core" "^10.1.14"
    "@inquirer/figures" "^1.0.12"
    "@inquirer/type" "^3.0.7"
    ansi-escapes "^4.3.2"
    yoctocolors-cjs "^2.1.2"

"@inquirer/type@^3.0.7":
  version "3.0.7"
  resolved "https://nexus.exterieur.dassault-aviation.com:8446/repository/npm-public-releases/@inquirer/type/-/type-3.0.7.tgz"
  integrity sha512-PfunHQcjwnju84L+ycmcMKB/pTPIngjUJvfnRhKY6FKPuYXlM4aQCb/nIdTFR6BEhMjFvngzvng/vBAJMZpLSA==

"@oxlint/darwin-arm64@1.6.0":
  version "1.6.0"
  resolved "https://nexus.exterieur.dassault-aviation.com:8446/repository/npm-public-releases/@oxlint/darwin-arm64/-/darwin-arm64-1.6.0.tgz"
  integrity sha512-m3wyqBh1TOHjpr/dXeIZY7OoX+MQazb+bMHQdDtwUvefrafUx+5YHRvulYh1sZSQ449nQ3nk3qj5qj535vZRjg==

"@oxlint/darwin-x64@1.6.0":
  version "1.6.0"
  resolved "https://nexus.exterieur.dassault-aviation.com:8446/repository/npm-public-releases/@oxlint/darwin-x64/-/darwin-x64-1.6.0.tgz"
  integrity sha512-75fJfF/9xNypr7cnOYoZBhfmG1yP7ex3pUOeYGakmtZRffO9z1i1quLYhjZsmaDXsAIZ3drMhenYHMmFKS3SRg==

"@oxlint/linux-arm64-gnu@1.6.0":
  version "1.6.0"
  resolved "https://nexus.exterieur.dassault-aviation.com:8446/repository/npm-public-releases/@oxlint/linux-arm64-gnu/-/linux-arm64-gnu-1.6.0.tgz"
  integrity sha512-YhXGf0FXa72bEt4F7eTVKx5X3zWpbAOPnaA/dZ6/g8tGhw1m9IFjrabVHFjzcx3dQny4MgA59EhyElkDvpUe8A==

"@oxlint/linux-arm64-musl@1.6.0":
  version "1.6.0"
  resolved "https://nexus.exterieur.dassault-aviation.com:8446/repository/npm-public-releases/@oxlint/linux-arm64-musl/-/linux-arm64-musl-1.6.0.tgz"
  integrity sha512-T3JDhx8mjGjvh5INsPZJrlKHmZsecgDYvtvussKRdkc1Nnn7WC+jH9sh5qlmYvwzvmetlPVNezAoNvmGO9vtMg==

"@oxlint/linux-x64-gnu@1.6.0":
  version "1.6.0"
  resolved "https://nexus.exterieur.dassault-aviation.com:8446/repository/npm-public-releases/@oxlint/linux-x64-gnu/-/linux-x64-gnu-1.6.0.tgz"
  integrity sha512-Dx7ghtAl8aXBdqofJpi338At6lkeCtTfoinTYQXd9/TEJx+f+zCGNlQO6nJz3ydJBX48FDuOFKkNC+lUlWrd8w==

"@oxlint/linux-x64-musl@1.6.0":
  version "1.6.0"
  resolved "https://nexus.exterieur.dassault-aviation.com:8446/repository/npm-public-releases/@oxlint/linux-x64-musl/-/linux-x64-musl-1.6.0.tgz"
  integrity sha512-7KvMGdWmAZtAtg6IjoEJHKxTXdAcrHnUnqfgs0JpXst7trquV2mxBeRZusQXwxpu4HCSomKMvJfsp1qKaqSFDg==

"@oxlint/win32-arm64@1.6.0":
  version "1.6.0"
  resolved "https://nexus.exterieur.dassault-aviation.com:8446/repository/npm-public-releases/@oxlint/win32-arm64/-/win32-arm64-1.6.0.tgz"
  integrity sha512-iSGC9RwX+dl7o5KFr5aH7Gq3nFbkq/3Gda6mxNPMvNkWrgXdIyiINxpyD8hJu566M+QSv1wEAu934BZotFDyoQ==

"@oxlint/win32-x64@1.6.0":
  version "1.6.0"
  resolved "https://nexus.exterieur.dassault-aviation.com:8446/repository/npm-public-releases/@oxlint/win32-x64/-/win32-x64-1.6.0.tgz"
  integrity sha512-jOj3L/gfLc0IwgOTkZMiZ5c673i/hbAmidlaylT0gE6H18hln9HxPgp5GCf4E4y6mwEJlW8QC5hQi221+9otdA==

"@types/bun@^1.2.18":
  version "1.2.18"
  resolved "https://nexus.exterieur.dassault-aviation.com:8446/repository/npm-public-releases/@types/bun/-/bun-1.2.18.tgz"
  integrity sha512-Xf6RaWVheyemaThV0kUfaAUvCNokFr+bH8Jxp+tTZfx7dAPA8z9ePnP9S9+Vspzuxxx9JRAXhnyccRj3GyCMdQ==
  dependencies:
    bun-types "1.2.18"

"@types/node@*", "@types/node@>=18":
  version "24.0.14"
  resolved "https://nexus.exterieur.dassault-aviation.com:8446/repository/npm-public-releases/@types/node/-/node-24.0.14.tgz"
  integrity sha512-4zXMWD91vBLGRtHK3YbIoFMia+1nqEz72coM42C5ETjnNCa/heoj7NT1G67iAfOqMmcfhuCZ4uNpyz8EjlAejw==
  dependencies:
    undici-types "~7.8.0"

"@types/pg@^8.15.4":
  version "8.15.4"
  resolved "https://nexus.exterieur.dassault-aviation.com:8446/repository/npm-public-releases/@types/pg/-/pg-8.15.4.tgz"
  integrity sha512-I6UNVBAoYbvuWkkU3oosC8yxqH21f4/Jc4DK71JLG3dT2mdlGe1z+ep/LQGXaKaOgcvUrsQoPRqfgtMcvZiJhg==
  dependencies:
    "@types/node" "*"
    pg-protocol "*"
    pg-types "^2.2.0"

"@types/react@^19":
  version "19.1.8"
  resolved "https://nexus.exterieur.dassault-aviation.com:8446/repository/npm-public-releases/@types/react/-/react-19.1.8.tgz"
  integrity sha512-AwAfQ2Wa5bCx9WP8nZL2uMZWod7J7/JSplxbTmBQ5ms6QpqNYm672H0Vu9ZVKVngQ+ii4R/byguVEUZQyeg44g==
  dependencies:
    csstype "^3.0.2"

ansi-escapes@^4.3.2:
  version "4.3.2"
  resolved "https://nexus.exterieur.dassault-aviation.com:8446/repository/npm-public-releases/ansi-escapes/-/ansi-escapes-4.3.2.tgz"
  integrity sha512-gKXj5ALrKWQLsYG9jlTRmR/xKluxHV+Z9QEwNIgCfM1/uwPMCuzVVnh5mwTd+OuBZcwSIMbqssNWRm1lE51QaQ==
  dependencies:
    type-fest "^0.21.3"

ansi-regex@^5.0.1:
  version "5.0.1"
  resolved "https://nexus.exterieur.dassault-aviation.com:8446/repository/npm-public-releases/ansi-regex/-/ansi-regex-5.0.1.tgz"
  integrity sha512-quJQXlTSUGL2LH9SUXo8VwsY4soanhgo6LNSm84E1LBcE8s3O0wpdiRzyR9z/ZZJMlMWv37qOOb9pdJlMUEKFQ==

ansi-styles@^3.2.1:
  version "3.2.1"
  resolved "https://nexus.exterieur.dassault-aviation.com:8446/repository/npm-public-releases/ansi-styles/-/ansi-styles-3.2.1.tgz"
  integrity sha512-VT0ZI6kZRdTh8YyJw3SMbYm/u+NqfsAxEpWO0Pf9sq8/e94WxxOpPKx9FR1FlyCtOVDNOQ+8ntlqFxiRc+r5qA==
  dependencies:
    color-convert "^1.9.0"

ansi-styles@^4.0.0, ansi-styles@^4.1.0:
  version "4.3.0"
  resolved "https://nexus.exterieur.dassault-aviation.com:8446/repository/npm-public-releases/ansi-styles/-/ansi-styles-4.3.0.tgz"
  integrity sha512-zbB9rCJAT1rbjiVDb2hqKFHNYLxgtk8NURxZ3IZwD3F6NtxbXZQCnnSi1Lkx+IDohdPlFp222wVALIheZJQSEg==
  dependencies:
    color-convert "^2.0.1"

argparse@^2.0.1:
  version "2.0.1"
  resolved "https://nexus.exterieur.dassault-aviation.com:8446/repository/npm-public-releases/argparse/-/argparse-2.0.1.tgz"
  integrity sha512-8+9WqebbFzpX9OR+Wa6O29asIogeRMzcGtAINdpMHHyAg10f05aSFVBbcEqGf/PXw1EjAZ+q2/bEBg3DvurK3Q==

balanced-match@^1.0.0:
  version "1.0.2"
  resolved "https://nexus.exterieur.dassault-aviation.com:8446/repository/npm-public-releases/balanced-match/-/balanced-match-1.0.2.tgz"
  integrity sha512-3oSeUO0TMV67hN1AmbXsK4yaqU7tjiHlbxRDZOpH0KW9+CeX4bRAaX0Anxt0tx2MrpRpWwQaPwIlISEJhYU5Pw==

brace-expansion@^1.1.7:
  version "1.1.12"
  resolved "https://nexus.exterieur.dassault-aviation.com:8446/repository/npm-public-releases/brace-expansion/-/brace-expansion-1.1.12.tgz"
  integrity sha512-9T9UjW3r0UW5c1Q7GTwllptXwhvYmEzFhzMfZ9H7FQWt+uZePjZPjBP/W1ZEyZ1twGWom5/56TF4lPcqjnDHcg==
  dependencies:
    balanced-match "^1.0.0"
    concat-map "0.0.1"

braces@^3.0.3:
  version "3.0.3"
  resolved "https://nexus.exterieur.dassault-aviation.com:8446/repository/npm-public-releases/braces/-/braces-3.0.3.tgz"
  integrity sha512-yQbXgO/OSZVD2IsiLlro+7Hf6Q18EJrKSEsdoMzKePKXct3gvD8oLcOQdIzGupr5Fj+EDe8gO/lxc1BzfMpxvA==
  dependencies:
    fill-range "^7.1.1"

bun-types@1.2.18:
  version "1.2.18"
  resolved "https://nexus.exterieur.dassault-aviation.com:8446/repository/npm-public-releases/bun-types/-/bun-types-1.2.18.tgz"
  integrity sha512-04+Eha5NP7Z0A9YgDAzMk5PHR16ZuLVa83b26kH5+cp1qZW4F6FmAURngE7INf4tKOvCE69vYvDEwoNl1tGiWw==
  dependencies:
    "@types/node" "*"

callsites@^3.0.0:
  version "3.1.0"
  resolved "https://nexus.exterieur.dassault-aviation.com:8446/repository/npm-public-releases/callsites/-/callsites-3.1.0.tgz"
  integrity sha512-P8BjAsXvZS+VIDUI11hHCQEv74YT67YUi5JJFNWIqL235sBmjX4+qx9Muvls5ivyNENctx46xQLQ3aTuE7ssaQ==

chalk@^2.3.2:
  version "2.4.2"
  resolved "https://nexus.exterieur.dassault-aviation.com:8446/repository/npm-public-releases/chalk/-/chalk-2.4.2.tgz"
  integrity sha512-Mti+f9lpJNcwF4tWV8/OrTTtF1gZi+f8FqlyAdouralcFWFQWF2+NgCHShjkCb+IFBLq9buZwE1xckQU4peSuQ==
  dependencies:
    ansi-styles "^3.2.1"
    escape-string-regexp "^1.0.5"
    supports-color "^5.3.0"

chalk@4.1.2:
  version "4.1.2"
  resolved "https://nexus.exterieur.dassault-aviation.com:8446/repository/npm-public-releases/chalk/-/chalk-4.1.2.tgz"
  integrity sha512-oKnbhFyRIXpUuez8iBMmyEa4nbj4IOQyuhc/wy9kY7/WVPcwIO9VA668Pu8RkO7+0G76SLROeyw9CpQ061i4mA==
  dependencies:
    ansi-styles "^4.1.0"
    supports-color "^7.1.0"

chalk@^5.4.1:
  version "5.4.1"
  resolved "https://nexus.exterieur.dassault-aviation.com:8446/repository/npm-public-releases/chalk/-/chalk-5.4.1.tgz"
  integrity sha512-zgVZuo2WcZgfUEmsn6eO3kINexW8RAE4maiQ8QNs8CtpPCSyMiYsULR3HQYkm3w8FIA3SberyMJMSldGsW+U3w==

chardet@^0.7.0:
  version "0.7.0"
  resolved "https://nexus.exterieur.dassault-aviation.com:8446/repository/npm-public-releases/chardet/-/chardet-0.7.0.tgz"
  integrity sha512-mT8iDcrh03qDGRRmoA2hmBJnxpllMR+0/0qlzjqZES6NdiWDcZkCNAk4rPFZ9Q85r27unkiNNg8ZOiwZXBHwcA==

cli-width@^4.1.0:
  version "4.1.0"
  resolved "https://nexus.exterieur.dassault-aviation.com:8446/repository/npm-public-releases/cli-width/-/cli-width-4.1.0.tgz"
  integrity sha512-ouuZd4/dm2Sw5Gmqy6bGyNNNe1qt9RpmxveLSO7KcgsTnU7RXfsw+/bukWGo1abgBiMAic068rclZsO4IWmmxQ==

color-convert@^1.9.0:
  version "1.9.3"
  resolved "https://nexus.exterieur.dassault-aviation.com:8446/repository/npm-public-releases/color-convert/-/color-convert-1.9.3.tgz"
  integrity sha512-QfAUtd+vFdAtFQcC8CCyYt1fYWxSqAiK2cSD6zDB8N3cpsEBAvRxp9zOGg6G/SHHJYAT88/az/IuDGALsNVbGg==
  dependencies:
    color-name "1.1.3"

color-convert@^2.0.1:
  version "2.0.1"
  resolved "https://nexus.exterieur.dassault-aviation.com:8446/repository/npm-public-releases/color-convert/-/color-convert-2.0.1.tgz"
  integrity sha512-RRECPsj7iu/xb5oKYcsFHSppFNnsj/52OVTRKb4zP5onXwVF3zVmmToNcOfGC+CRDpfK/U584fMg38ZHCaElKQ==
  dependencies:
    color-name "~1.1.4"

color-name@1.1.3:
  version "1.1.3"
  resolved "https://nexus.exterieur.dassault-aviation.com:8446/repository/npm-public-releases/color-name/-/color-name-1.1.3.tgz"
  integrity sha512-72fSenhMw2HZMTVHeCA9KCmpEIbzWiQsjN+BHcBbS9vr1mtt+vJjPdksIBNUmKAW8TFUDPJK5SUU3QhE9NEXDw==

color-name@~1.1.4:
  version "1.1.4"
  resolved "https://nexus.exterieur.dassault-aviation.com:8446/repository/npm-public-releases/color-name/-/color-name-1.1.4.tgz"
  integrity sha512-dOy+3AuW3a2wNbZHIuMZpTcgjGuLU/uBL/ubcZF9OXbDo8ff4O8yVp5Bf0efS8uEoYo5q4Fx7dY9OgQGXgAsQA==

concat-map@0.0.1:
  version "0.0.1"
  resolved "https://nexus.exterieur.dassault-aviation.com:8446/repository/npm-public-releases/concat-map/-/concat-map-0.0.1.tgz"
  integrity sha512-/Srv4dswyQNBfohGpz9o6Yb3Gz3SrUDqBH5rTuhGR7ahtlbYKnVxw2bCFMRljaA7EXHaXZ8wsHdodFvbkhKmqg==

cosmiconfig@^9.0.0:
  version "9.0.0"
  resolved "https://nexus.exterieur.dassault-aviation.com:8446/repository/npm-public-releases/cosmiconfig/-/cosmiconfig-9.0.0.tgz"
  integrity sha512-itvL5h8RETACmOTFc4UfIyB2RfEHi71Ax6E/PivVxq9NseKbOWpeyHEOIbmAw1rs8Ak0VursQNww7lf7YtUwzg==
  dependencies:
    env-paths "^2.2.1"
    import-fresh "^3.3.0"
    js-yaml "^4.1.0"
    parse-json "^5.2.0"

csstype@^3.0.2:
  version "3.1.3"
  resolved "https://nexus.exterieur.dassault-aviation.com:8446/repository/npm-public-releases/csstype/-/csstype-3.1.3.tgz"
  integrity sha512-M1uQkMl8rQK/szD0LNhtqxIPLpimGm8sOBwU7lLnCpSbTyY3yeU1Vc7l4KT5zT4s/yOxHH5O7tIuuLOCnLADRw==

diff@^3.5.0:
  version "3.5.0"
  resolved "https://nexus.exterieur.dassault-aviation.com:8446/repository/npm-public-releases/diff/-/diff-3.5.0.tgz"
  integrity sha512-A46qtFgd+g7pDZinpnwiRJtxbC1hpgf0uzP3iG89scHk0AUC7A1TGxf5OiiOUv/JMZR8GOt8hL900hV0bOy5xA==

dotenv@^16.4.5, dotenv@^16.5.0:
  version "16.6.1"
  resolved "https://nexus.exterieur.dassault-aviation.com:8446/repository/npm-public-releases/dotenv/-/dotenv-16.6.1.tgz"
  integrity sha512-uBq4egWHTcTt33a72vpSG0z3HnPuIl6NqYcTrKEg2azoEyl2hpW0zqlxysq2pK9HlDIHyHyakeYaYnSAwd8bow==

dotenv-expand@^12.0.2:
  version "12.0.2"
  resolved "https://nexus.exterieur.dassault-aviation.com:8446/repository/npm-public-releases/dotenv-expand/-/dotenv-expand-12.0.2.tgz"
  integrity sha512-lXpXz2ZE1cea1gL4sz2Ipj8y4PiVjytYr3Ij0SWoms1PGxIv7m2CRKuRuCRtHdVuvM/hNJPMxt5PbhboNC4dPQ==
  dependencies:
    dotenv "^16.4.5"

emoji-regex@^8.0.0:
  version "8.0.0"
  resolved "https://nexus.exterieur.dassault-aviation.com:8446/repository/npm-public-releases/emoji-regex/-/emoji-regex-8.0.0.tgz"
  integrity sha512-MSjYzcWNOA0ewAHpz0MxpYFvwg6yjy1NG3xteoqz644VCo/RPgnr1/GGt+ic3iJTzQ8Eu3TdM14SawnVUmGE6A==

env-paths@^2.2.1:
  version "2.2.1"
  resolved "https://nexus.exterieur.dassault-aviation.com:8446/repository/npm-public-releases/env-paths/-/env-paths-2.2.1.tgz"
  integrity sha512-+h1lkLKhZMTYjog1VEpJNG7NZJWcuc2DDk/qsqSTRRCOXiLjeQ1d1/udrUGhqMxUgAlwKNZ0cf2uqan5GLuS2A==

error-ex@^1.3.1:
  version "1.3.2"
  resolved "https://nexus.exterieur.dassault-aviation.com:8446/repository/npm-public-releases/error-ex/-/error-ex-1.3.2.tgz"
  integrity sha512-7dFHNmqeFSEt2ZBsCriorKnn3Z2pj+fd9kmI6QoWw4//DL+icEBfc0U7qJCisqrTsKTjw4fNFy2pW9OqStD84g==
  dependencies:
    is-arrayish "^0.2.1"

escape-string-regexp@^1.0.5:
  version "1.0.5"
  resolved "https://nexus.exterieur.dassault-aviation.com:8446/repository/npm-public-releases/escape-string-regexp/-/escape-string-regexp-1.0.5.tgz"
  integrity sha512-vbRorB5FUQWvla16U8R/qgaFIya2qGzwDrNmCZuYKrbdSUMG6I1ZCGQRefkRVhuOkIGVne7BQ35DSfo1qvJqFg==

external-editor@^3.1.0:
  version "3.1.0"
  resolved "https://nexus.exterieur.dassault-aviation.com:8446/repository/npm-public-releases/external-editor/-/external-editor-3.1.0.tgz"
  integrity sha512-hMQ4CX1p1izmuLYyZqLMO/qGNw10wSv9QDCPfzXfyFrOaCSSoRfqE1Kf1s5an66J5JZC62NewG+mK49jOCtQew==
  dependencies:
    chardet "^0.7.0"
    iconv-lite "^0.4.24"
    tmp "^0.0.33"

fill-range@^7.1.1:
  version "7.1.1"
  resolved "https://nexus.exterieur.dassault-aviation.com:8446/repository/npm-public-releases/fill-range/-/fill-range-7.1.1.tgz"
  integrity sha512-YsGpe3WHLK8ZYi4tWDg2Jy3ebRz2rXowDxnld4bkQB00cc/1Zw9AWnC0i9ztDJitivtQvaI9KaLyKrc+hBW0yg==
  dependencies:
    to-regex-range "^5.0.1"

fs.realpath@^1.0.0:
  version "1.0.0"
  resolved "https://nexus.exterieur.dassault-aviation.com:8446/repository/npm-public-releases/fs.realpath/-/fs.realpath-1.0.0.tgz"
  integrity sha512-OO0pH2lK6a0hZnAdau5ItzHPI6pUlvI7jMVnxUQRtw4owF2wk8lOSabtGDCTP4Ggrg2MbGnWO9X8K1t4+fGMDw==

function-bind@^1.1.2:
  version "1.1.2"
  resolved "https://nexus.exterieur.dassault-aviation.com:8446/repository/npm-public-releases/function-bind/-/function-bind-1.1.2.tgz"
  integrity sha512-7XHNxH7qX9xG5mIwxkhumTox/MIRNcOgDrxWsMt2pAr23WHp6MrRlN7FBSFpCpr+oVO0F744iUgR82nJMfG2SA==

git-diff@^2.0.6:
  version "2.0.6"
  resolved "https://nexus.exterieur.dassault-aviation.com:8446/repository/npm-public-releases/git-diff/-/git-diff-2.0.6.tgz"
  integrity sha512-/Iu4prUrydE3Pb3lCBMbcSNIf81tgGt0W1ZwknnyF62t3tHmtiJTRj0f+1ZIhp3+Rh0ktz1pJVoa7ZXUCskivA==
  dependencies:
    chalk "^2.3.2"
    diff "^3.5.0"
    loglevel "^1.6.1"
    shelljs "^0.8.1"
    shelljs.exec "^1.1.7"

glob@^7.0.0:
  version "7.2.3"
  resolved "https://nexus.exterieur.dassault-aviation.com:8446/repository/npm-public-releases/glob/-/glob-7.2.3.tgz"
  integrity sha512-nFR0zLpU2YCaRxwoCJvL6UvCH2JFyFVIvwTLsIf21AuHlMskA1hhTdk+LlYJtOlYt9v6dvszD2BGRqBL+iQK9Q==
  dependencies:
    fs.realpath "^1.0.0"
    inflight "^1.0.4"
    inherits "2"
    minimatch "^3.1.1"
    once "^1.3.0"
    path-is-absolute "^1.0.0"

has-flag@^3.0.0:
  version "3.0.0"
  resolved "https://nexus.exterieur.dassault-aviation.com:8446/repository/npm-public-releases/has-flag/-/has-flag-3.0.0.tgz"
  integrity sha512-sKJf1+ceQBr4SMkvQnBDNDtf4TXpVhVGateu0t918bl30FnbE2m4vNLX+VWe/dpjlb+HugGYzW7uQXH98HPEYw==

has-flag@^4.0.0:
  version "4.0.0"
  resolved "https://nexus.exterieur.dassault-aviation.com:8446/repository/npm-public-releases/has-flag/-/has-flag-4.0.0.tgz"
  integrity sha512-EykJT/Q1KjTWctppgIAgfSO0tKVuZUjhgMr17kqTumMl6Afv3EISleU7qZUzoXDFTAHTDC4NOoG/ZxU3EvlMPQ==

hasown@^2.0.2:
  version "2.0.2"
  resolved "https://nexus.exterieur.dassault-aviation.com:8446/repository/npm-public-releases/hasown/-/hasown-2.0.2.tgz"
  integrity sha512-0hJU9SCPvmMzIBdZFqNPXWa6dqh7WdH0cII9y+CyS8rG3nL48Bclra9HmKhVVUHyPWNH5Y7xDwAB7bfgSjkUMQ==
  dependencies:
    function-bind "^1.1.2"

iconv-lite@^0.4.24:
  version "0.4.24"
  resolved "https://nexus.exterieur.dassault-aviation.com:8446/repository/npm-public-releases/iconv-lite/-/iconv-lite-0.4.24.tgz"
  integrity sha512-v3MXnZAcvnywkTUEZomIActle7RXXeedOR31wwl7VlyoXO4Qi9arvSenNQWne1TcRwhCL1HwLI21bEqdpj8/rA==
  dependencies:
    safer-buffer ">= 2.1.2 < 3"

import-fresh@^3.3.0:
  version "3.3.1"
  resolved "https://nexus.exterieur.dassault-aviation.com:8446/repository/npm-public-releases/import-fresh/-/import-fresh-3.3.1.tgz"
  integrity sha512-TR3KfrTZTYLPB6jUjfx6MF9WcWrHL9su5TObK4ZkYgBdWKPOFoSoQIdEuTuR82pmtxH2spWG9h6etwfr1pLBqQ==
  dependencies:
    parent-module "^1.0.0"
    resolve-from "^4.0.0"

inflight@^1.0.4:
  version "1.0.6"
  resolved "https://nexus.exterieur.dassault-aviation.com:8446/repository/npm-public-releases/inflight/-/inflight-1.0.6.tgz"
  integrity sha512-k92I/b08q4wvFscXCLvqfsHCrjrF7yiXsQuIVvVE7N82W3+aqpzuUdBbfhWcy/FZR3/4IgflMgKLOsvPDrGCJA==
  dependencies:
    once "^1.3.0"
    wrappy "1"

inherits@2:
  version "2.0.4"
  resolved "https://nexus.exterieur.dassault-aviation.com:8446/repository/npm-public-releases/inherits/-/inherits-2.0.4.tgz"
  integrity sha512-k/vGaX4/Yla3WzyMCvTQOXYeIHvqOKtnqBduzTHpzpQZzAskKMhZ2K+EnBiSM9zGSoIFeMpXKxa4dYeZIQqewQ==

inquirer@^12.7.0:
  version "12.7.0"
  resolved "https://nexus.exterieur.dassault-aviation.com:8446/repository/npm-public-releases/inquirer/-/inquirer-12.7.0.tgz"
  integrity sha512-KKFRc++IONSyE2UYw9CJ1V0IWx5yQKomwB+pp3cWomWs+v2+ZsG11G2OVfAjFS6WWCppKw+RfKmpqGfSzD5QBQ==
  dependencies:
    "@inquirer/core" "^10.1.14"
    "@inquirer/prompts" "^7.6.0"
    "@inquirer/type" "^3.0.7"
    ansi-escapes "^4.3.2"
    mute-stream "^2.0.0"
    run-async "^4.0.4"
    rxjs "^7.8.2"

interpret@^1.0.0:
  version "1.4.0"
  resolved "https://nexus.exterieur.dassault-aviation.com:8446/repository/npm-public-releases/interpret/-/interpret-1.4.0.tgz"
  integrity sha512-agE4QfB2Lkp9uICn7BAqoscw4SZP9kTE2hxiFI3jBPmXJfdqiahTbUuKGsMoN2GtqL9AxhYioAcVvgsb1HvRbA==

is-arrayish@^0.2.1:
  version "0.2.1"
  resolved "https://nexus.exterieur.dassault-aviation.com:8446/repository/npm-public-releases/is-arrayish/-/is-arrayish-0.2.1.tgz"
  integrity sha512-zz06S8t0ozoDXMG+ube26zeCTNXcKIPJZJi8hBrF4idCLms4CG9QtK7qBl1boi5ODzFpjswb5JPmHCbMpjaYzg==

is-core-module@^2.16.0:
  version "2.16.1"
  resolved "https://nexus.exterieur.dassault-aviation.com:8446/repository/npm-public-releases/is-core-module/-/is-core-module-2.16.1.tgz"
  integrity sha512-UfoeMA6fIJ8wTYFEUjelnaGI67v6+N7qXJEvQuIGa99l4xsCruSYOVSQ0uPANn4dAzm8lkYPaKLrrijLq7x23w==
  dependencies:
    hasown "^2.0.2"

is-fullwidth-code-point@^3.0.0:
  version "3.0.0"
  resolved "https://nexus.exterieur.dassault-aviation.com:8446/repository/npm-public-releases/is-fullwidth-code-point/-/is-fullwidth-code-point-3.0.0.tgz"
  integrity sha512-zymm5+u+sCsSWyD9qNaejV3DFvhCKclKdizYaJUuHA83RLjb7nSuGnddCHGv0hk+KY7BMAlsWeK4Ueg6EV6XQg==

is-number@^7.0.0:
  version "7.0.0"
  resolved "https://nexus.exterieur.dassault-aviation.com:8446/repository/npm-public-releases/is-number/-/is-number-7.0.0.tgz"
  integrity sha512-41Cifkg6e8TylSpdtTpeLVMqvSBEVzTttHvERD741+pnZ8ANv0004MRL43QKPDlK9cGvNp6NZWZUBlbGXYxxng==

js-tokens@^4.0.0:
  version "4.0.0"
  resolved "https://nexus.exterieur.dassault-aviation.com:8446/repository/npm-public-releases/js-tokens/-/js-tokens-4.0.0.tgz"
  integrity sha512-RdJUflcE3cUzKiMqQgsCu06FPu9UdIJO0beYbPhHN4k6apgJtifcoCtT9bcxOpYBtpD2kCM6Sbzg4CausW/PKQ==

js-yaml@^4.1.0:
  version "4.1.0"
  resolved "https://nexus.exterieur.dassault-aviation.com:8446/repository/npm-public-releases/js-yaml/-/js-yaml-4.1.0.tgz"
  integrity sha512-wpxZs9NoxZaJESJGIZTyDEaYpl0FKSA+FB9aJiyemKhMwkxQg63h4T1KJgUGHpTqPDNRcmmYLugrRjJlBtWvRA==
  dependencies:
    argparse "^2.0.1"

json-parse-even-better-errors@^2.3.0:
  version "2.3.1"
  resolved "https://nexus.exterieur.dassault-aviation.com:8446/repository/npm-public-releases/json-parse-even-better-errors/-/json-parse-even-better-errors-2.3.1.tgz"
  integrity sha512-xyFwyhro/JEof6Ghe2iz2NcXoj2sloNsWr/XsERDK/oiPCfaNhl5ONfp+jQdAZRQQ0IJWNzH9zIZF7li91kh2w==

"kysely@>=0.27.0 <1.0.0", kysely@^0.28.2:
  version "0.28.2"
  resolved "https://nexus.exterieur.dassault-aviation.com:8446/repository/npm-public-releases/kysely/-/kysely-0.28.2.tgz"
  integrity sha512-4YAVLoF0Sf0UTqlhgQMFU9iQECdah7n+13ANkiuVfRvlK+uI0Etbgd7bVP36dKlG+NXWbhGua8vnGt+sdhvT7A==

kysely-codegen@^0.18.5:
  version "0.18.5"
  resolved "https://nexus.exterieur.dassault-aviation.com:8446/repository/npm-public-releases/kysely-codegen/-/kysely-codegen-0.18.5.tgz"
  integrity sha512-bj6DMsXcKo0PrrXUk/fdjFgNC6Pwq+HPBCqhNGuD57gwUJZdci2s2OqhNneQeYpAIWGot7/481WdzTyXrClY2Q==
  dependencies:
    chalk "4.1.2"
    cosmiconfig "^9.0.0"
    dotenv "^16.5.0"
    dotenv-expand "^12.0.2"
    git-diff "^2.0.6"
    micromatch "^4.0.8"
    minimist "^1.2.8"
    pluralize "^8.0.0"
    zod "^3.24.4"

lines-and-columns@^1.1.6:
  version "1.2.4"
  resolved "https://nexus.exterieur.dassault-aviation.com:8446/repository/npm-public-releases/lines-and-columns/-/lines-and-columns-1.2.4.tgz"
  integrity sha512-7ylylesZQ/PV29jhEDl3Ufjo6ZX7gCqJr5F7PKrqc93v7fzSymt1BpwEU8nAUXs8qzzvqhbjhK5QZg6Mt/HkBg==

loglevel@^1.6.1:
  version "1.9.2"
  resolved "https://nexus.exterieur.dassault-aviation.com:8446/repository/npm-public-releases/loglevel/-/loglevel-1.9.2.tgz"
  integrity sha512-HgMmCqIJSAKqo68l0rS2AanEWfkxaZ5wNiEFb5ggm08lDs9Xl2KxBlX3PTcaD2chBM1gXAYf491/M2Rv8Jwayg==

micromatch@^4.0.8:
  version "4.0.8"
  resolved "https://nexus.exterieur.dassault-aviation.com:8446/repository/npm-public-releases/micromatch/-/micromatch-4.0.8.tgz"
  integrity sha512-PXwfBhYu0hBCPw8Dn0E+WDYb7af3dSLVWKi3HGv84IdF4TyFoC0ysxFd0Goxw7nSv4T/PzEJQxsYsEiFCKo2BA==
  dependencies:
    braces "^3.0.3"
    picomatch "^2.3.1"

minimatch@^3.1.1:
  version "3.1.2"
  resolved "https://nexus.exterieur.dassault-aviation.com:8446/repository/npm-public-releases/minimatch/-/minimatch-3.1.2.tgz"
  integrity sha512-J7p63hRiAjw1NDEww1W7i37+ByIrOWO5XQQAzZ3VOcL0PNybwpfmV/N05zFAzwQ9USyEcX6t3UO+K5aqBQOIHw==
  dependencies:
    brace-expansion "^1.1.7"

minimist@^1.2.8:
  version "1.2.8"
  resolved "https://nexus.exterieur.dassault-aviation.com:8446/repository/npm-public-releases/minimist/-/minimist-1.2.8.tgz"
  integrity sha512-2yyAR8qBkN3YuheJanUpWC5U3bb5osDywNB8RzDVlDwDHbocAJveqqj1u8+SVD7jkWT4yvsHCpWqqWqAxb0zCA==

mute-stream@^2.0.0:
  version "2.0.0"
  resolved "https://nexus.exterieur.dassault-aviation.com:8446/repository/npm-public-releases/mute-stream/-/mute-stream-2.0.0.tgz"
  integrity sha512-WWdIxpyjEn+FhQJQQv9aQAYlHoNVdzIzUySNV1gHUPDSdZJ3yZn7pAAbQcV7B56Mvu881q9FZV+0Vx2xC44VWA==

once@^1.3.0:
  version "1.4.0"
  resolved "https://nexus.exterieur.dassault-aviation.com:8446/repository/npm-public-releases/once/-/once-1.4.0.tgz"
  integrity sha512-lNaJgI+2Q5URQBkccEKHTQOPaXdUxnZZElQTZY0MFUAuaEqe1E+Nyvgdz/aIyNi6Z9MzO5dv1H8n58/GELp3+w==
  dependencies:
    wrappy "1"

os-tmpdir@~1.0.2:
  version "1.0.2"
  resolved "https://nexus.exterieur.dassault-aviation.com:8446/repository/npm-public-releases/os-tmpdir/-/os-tmpdir-1.0.2.tgz"
  integrity sha512-D2FR03Vir7FIu45XBY20mTb+/ZSWB00sjU9jdQXt83gDrI4Ztz5Fs7/yy74g2N5SVQY4xY1qDr4rNddwYRVX0g==

oxlint@^1.2.0:
  version "1.6.0"
  resolved "https://nexus.exterieur.dassault-aviation.com:8446/repository/npm-public-releases/oxlint/-/oxlint-1.6.0.tgz"
  integrity sha512-jtaD65PqzIa1udvSxxscTKBxYKuZoFXyKGLiU1Qjo1ulq3uv/fQDtoV1yey1FrQZrQjACGPi1Widsy1TucC7Jg==
  optionalDependencies:
    "@oxlint/darwin-arm64" "1.6.0"
    "@oxlint/darwin-x64" "1.6.0"
    "@oxlint/linux-arm64-gnu" "1.6.0"
    "@oxlint/linux-arm64-musl" "1.6.0"
    "@oxlint/linux-x64-gnu" "1.6.0"
    "@oxlint/linux-x64-musl" "1.6.0"
    "@oxlint/win32-arm64" "1.6.0"
    "@oxlint/win32-x64" "1.6.0"

parent-module@^1.0.0:
  version "1.0.1"
  resolved "https://nexus.exterieur.dassault-aviation.com:8446/repository/npm-public-releases/parent-module/-/parent-module-1.0.1.tgz"
  integrity sha512-GQ2EWRpQV8/o+Aw8YqtfZZPfNRWZYkbidE9k5rpl/hC3vtHHBfGm2Ifi6qWV+coDGkrUKZAxE3Lot5kcsRlh+g==
  dependencies:
    callsites "^3.0.0"

parse-json@^5.2.0:
  version "5.2.0"
  resolved "https://nexus.exterieur.dassault-aviation.com:8446/repository/npm-public-releases/parse-json/-/parse-json-5.2.0.tgz"
  integrity sha512-ayCKvm/phCGxOkYRSCM82iDwct8/EonSEgCSxWxD7ve6jHggsFl4fZVQBPRNgQoKiuV/odhFrGzQXZwbifC8Rg==
  dependencies:
    "@babel/code-frame" "^7.0.0"
    error-ex "^1.3.1"
    json-parse-even-better-errors "^2.3.0"
    lines-and-columns "^1.1.6"

path-is-absolute@^1.0.0:
  version "1.0.1"
  resolved "https://nexus.exterieur.dassault-aviation.com:8446/repository/npm-public-releases/path-is-absolute/-/path-is-absolute-1.0.1.tgz"
  integrity sha512-AVbw3UJ2e9bq64vSaS9Am0fje1Pa8pbGqTTsmXfaIiMpnr5DlDhfJOuLj9Sf95ZPVDAUerDfEk88MPmPe7UCQg==

path-parse@^1.0.7:
  version "1.0.7"
  resolved "https://nexus.exterieur.dassault-aviation.com:8446/repository/npm-public-releases/path-parse/-/path-parse-1.0.7.tgz"
  integrity sha512-LDJzPVEEEPR+y48z93A0Ed0yXb8pAByGWo/k5YYdYgpY2/2EsOsksJrq7lOHxryrVOn1ejG6oAp8ahvOIQD8sw==

pg@>=8.0, "pg@>=8.8.0 <9.0.0", pg@^8.16.3:
  version "8.16.3"
  resolved "https://nexus.exterieur.dassault-aviation.com:8446/repository/npm-public-releases/pg/-/pg-8.16.3.tgz"
  integrity sha512-enxc1h0jA/aq5oSDMvqyW3q89ra6XIIDZgCX9vkMrnz5DFTw/Ny3Li2lFQ+pt3L6MCgm/5o2o8HW9hiJji+xvw==
  optionalDependencies:
    pg-cloudflare "^1.2.7"
  dependencies:
    pg-connection-string "^2.9.1"
    pg-pool "^3.10.1"
    pg-protocol "^1.10.3"
    pg-types "2.2.0"
    pgpass "1.0.5"

pg-cloudflare@^1.2.7:
  version "1.2.7"
  resolved "https://nexus.exterieur.dassault-aviation.com:8446/repository/npm-public-releases/pg-cloudflare/-/pg-cloudflare-1.2.7.tgz"
  integrity sha512-YgCtzMH0ptvZJslLM1ffsY4EuGaU0cx4XSdXLRFae8bPP4dS5xL1tNB3k2o/N64cHJpwU7dxKli/nZ2lUa5fLg==

pg-connection-string@^2.9.1:
  version "2.9.1"
  resolved "https://nexus.exterieur.dassault-aviation.com:8446/repository/npm-public-releases/pg-connection-string/-/pg-connection-string-2.9.1.tgz"
  integrity sha512-nkc6NpDcvPVpZXxrreI/FOtX3XemeLl8E0qFr6F2Lrm/I8WOnaWNhIPK2Z7OHpw7gh5XJThi6j6ppgNoaT1w4w==

pg-int8@1.0.1:
  version "1.0.1"
  resolved "https://nexus.exterieur.dassault-aviation.com:8446/repository/npm-public-releases/pg-int8/-/pg-int8-1.0.1.tgz"
  integrity sha512-WCtabS6t3c8SkpDBUlb1kjOs7l66xsGdKpIPZsg4wR+B3+u9UAum2odSsF9tnvxg80h4ZxLWMy4pRjOsFIqQpw==

pg-pool@^3.10.1:
  version "3.10.1"
  resolved "https://nexus.exterieur.dassault-aviation.com:8446/repository/npm-public-releases/pg-pool/-/pg-pool-3.10.1.tgz"
  integrity sha512-Tu8jMlcX+9d8+QVzKIvM/uJtp07PKr82IUOYEphaWcoBhIYkoHpLXN3qO59nAI11ripznDsEzEv8nUxBVWajGg==

pg-protocol@*, pg-protocol@^1.10.3:
  version "1.10.3"
  resolved "https://nexus.exterieur.dassault-aviation.com:8446/repository/npm-public-releases/pg-protocol/-/pg-protocol-1.10.3.tgz"
  integrity sha512-6DIBgBQaTKDJyxnXaLiLR8wBpQQcGWuAESkRBX/t6OwA8YsqP+iVSiond2EDy6Y/dsGk8rh/jtax3js5NeV7JQ==

pg-types@2.2.0, pg-types@^2.2.0:
  version "2.2.0"
  resolved "https://nexus.exterieur.dassault-aviation.com:8446/repository/npm-public-releases/pg-types/-/pg-types-2.2.0.tgz"
  integrity sha512-qTAAlrEsl8s4OiEQY69wDvcMIdQN6wdz5ojQiOy6YRMuynxenON0O5oCpJI6lshc6scgAY8qvJ2On/p+CXY0GA==
  dependencies:
    pg-int8 "1.0.1"
    postgres-array "~2.0.0"
    postgres-bytea "~1.0.0"
    postgres-date "~1.0.4"
    postgres-interval "^1.1.0"

pgpass@1.0.5:
  version "1.0.5"
  resolved "https://nexus.exterieur.dassault-aviation.com:8446/repository/npm-public-releases/pgpass/-/pgpass-1.0.5.tgz"
  integrity sha512-FdW9r/jQZhSeohs1Z3sI1yxFQNFvMcnmfuj4WBMUTxOrAyLMaTcE1aAMBiTlbMNaXvBCQuVi0R7hd8udDSP7ug==
  dependencies:
    split2 "^4.1.0"

picocolors@^1.1.1:
  version "1.1.1"
  resolved "https://nexus.exterieur.dassault-aviation.com:8446/repository/npm-public-releases/picocolors/-/picocolors-1.1.1.tgz"
  integrity sha512-xceH2snhtb5M9liqDsmEw56le376mTZkEX/jEb/RxNFyegNul7eNslCXP9FDj/Lcu0X8KEyMceP2ntpaHrDEVA==

picomatch@^2.3.1:
  version "2.3.1"
  resolved "https://nexus.exterieur.dassault-aviation.com:8446/repository/npm-public-releases/picomatch/-/picomatch-2.3.1.tgz"
  integrity sha512-JU3teHTNjmE2VCGFzuY8EXzCDVwEqB2a8fsIvwaStHhAWJEeVd1o1QD80CU6+ZdEXXSLbSsuLwJjkCBWqRQUVA==

pluralize@^8.0.0:
  version "8.0.0"
  resolved "https://nexus.exterieur.dassault-aviation.com:8446/repository/npm-public-releases/pluralize/-/pluralize-8.0.0.tgz"
  integrity sha512-Nc3IT5yHzflTfbjgqWcCPpo7DaKy4FnpB0l/zCAW0Tc7jxAiuqSxHasntB3D7887LSrA93kDJ9IXovxJYxyLCA==

postgres-array@~2.0.0:
  version "2.0.0"
  resolved "https://nexus.exterieur.dassault-aviation.com:8446/repository/npm-public-releases/postgres-array/-/postgres-array-2.0.0.tgz"
  integrity sha512-VpZrUqU5A69eQyW2c5CA1jtLecCsN2U/bD6VilrFDWq5+5UIEVO7nazS3TEcHf1zuPYO/sqGvUvW62g86RXZuA==

postgres-bytea@~1.0.0:
  version "1.0.0"
  resolved "https://nexus.exterieur.dassault-aviation.com:8446/repository/npm-public-releases/postgres-bytea/-/postgres-bytea-1.0.0.tgz"
  integrity sha512-xy3pmLuQqRBZBXDULy7KbaitYqLcmxigw14Q5sj8QBVLqEwXfeybIKVWiqAXTlcvdvb0+xkOtDbfQMOf4lST1w==

postgres-date@~1.0.4:
  version "1.0.7"
  resolved "https://nexus.exterieur.dassault-aviation.com:8446/repository/npm-public-releases/postgres-date/-/postgres-date-1.0.7.tgz"
  integrity sha512-suDmjLVQg78nMK2UZ454hAG+OAW+HQPZ6n++TNDUX+L0+uUlLywnoxJKDou51Zm+zTCjrCl0Nq6J9C5hP9vK/Q==

postgres-interval@^1.1.0:
  version "1.2.0"
  resolved "https://nexus.exterieur.dassault-aviation.com:8446/repository/npm-public-releases/postgres-interval/-/postgres-interval-1.2.0.tgz"
  integrity sha512-9ZhXKM/rw350N1ovuWHbGxnGh/SNJ4cnxHiM0rxE4VN41wsg8P8zWn9hv/buK00RP4WvlOyr/RBDiptyxVbkZQ==
  dependencies:
    xtend "^4.0.0"

prettier@^3.5.3:
  version "3.6.2"
  resolved "https://nexus.exterieur.dassault-aviation.com:8446/repository/npm-public-releases/prettier/-/prettier-3.6.2.tgz"
  integrity sha512-I7AIg5boAr5R0FFtJ6rCfD+LFsWHp81dolrFD8S79U9tb8Az2nGrJncnMSnys+bpQJfRUzqs9hnA81OAA3hCuQ==

rechoir@^0.6.2:
  version "0.6.2"
  resolved "https://nexus.exterieur.dassault-aviation.com:8446/repository/npm-public-releases/rechoir/-/rechoir-0.6.2.tgz"
  integrity sha512-HFM8rkZ+i3zrV+4LQjwQ0W+ez98pApMGM3HUrN04j3CqzPOzl9nmP15Y8YXNm8QHGv/eacOVEjqhmWpkRV0NAw==
  dependencies:
    resolve "^1.1.6"

resolve@^1.1.6:
  version "1.22.10"
  resolved "https://nexus.exterieur.dassault-aviation.com:8446/repository/npm-public-releases/resolve/-/resolve-1.22.10.tgz"
  integrity sha512-NPRy+/ncIMeDlTAsuqwKIiferiawhefFJtkNSW0qZJEqMEb+qBt/77B/jGeeek+F0uOeN05CDa6HXbbIgtVX4w==
  dependencies:
    is-core-module "^2.16.0"
    path-parse "^1.0.7"
    supports-preserve-symlinks-flag "^1.0.0"

resolve-from@^4.0.0:
  version "4.0.0"
  resolved "https://nexus.exterieur.dassault-aviation.com:8446/repository/npm-public-releases/resolve-from/-/resolve-from-4.0.0.tgz"
  integrity sha512-pb/MYmXstAkysRFx8piNI1tGFNQIFA3vkE3Gq4EuA1dF6gHp/+vgZqsCGJapvy8N3Q+4o7FwvquPJcnZ7RYy4g==

run-async@^4.0.4:
  version "4.0.4"
  resolved "https://nexus.exterieur.dassault-aviation.com:8446/repository/npm-public-releases/run-async/-/run-async-4.0.4.tgz"
  integrity sha512-2cgeRHnV11lSXBEhq7sN7a5UVjTKm9JTb9x8ApIT//16D7QL96AgnNeWSGoB4gIHc0iYw/Ha0Z+waBaCYZVNhg==
  dependencies:
    oxlint "^1.2.0"
    prettier "^3.5.3"

rxjs@^7.8.2:
  version "7.8.2"
  resolved "https://nexus.exterieur.dassault-aviation.com:8446/repository/npm-public-releases/rxjs/-/rxjs-7.8.2.tgz"
  integrity sha512-dhKf903U/PQZY6boNNtAGdWbG85WAbjT/1xYoZIC7FAY0yWapOBQVsVrDl58W86//e1VpMNBtRV4MaXfdMySFA==
  dependencies:
    tslib "^2.1.0"

"safer-buffer@>= 2.1.2 < 3":
  version "2.1.2"
  resolved "https://nexus.exterieur.dassault-aviation.com:8446/repository/npm-public-releases/safer-buffer/-/safer-buffer-2.1.2.tgz"
  integrity sha512-YZo3K82SD7Riyi0E1EQPojLz7kpepnSQI9IyPbHHg1XXXevb5dJI7tpyN2ADxGcQbHG7vcyRHk0cbwqcQriUtg==

shelljs@^0.8.1:
  version "0.8.5"
  resolved "https://nexus.exterieur.dassault-aviation.com:8446/repository/npm-public-releases/shelljs/-/shelljs-0.8.5.tgz"
  integrity sha512-TiwcRcrkhHvbrZbnRcFYMLl30Dfov3HKqzp5tO5b4pt6G/SezKcYhmDg15zXVBswHmctSAQKznqNW2LO5tTDow==
  dependencies:
    glob "^7.0.0"
    interpret "^1.0.0"
    rechoir "^0.6.2"

shelljs.exec@^1.1.7:
  version "1.1.8"
  resolved "https://nexus.exterieur.dassault-aviation.com:8446/repository/npm-public-releases/shelljs.exec/-/shelljs.exec-1.1.8.tgz"
  integrity sha512-vFILCw+lzUtiwBAHV8/Ex8JsFjelFMdhONIsgKNLgTzeRckp2AOYRQtHJE/9LhNvdMmE27AGtzWx0+DHpwIwSw==

signal-exit@^4.1.0:
  version "4.1.0"
  resolved "https://nexus.exterieur.dassault-aviation.com:8446/repository/npm-public-releases/signal-exit/-/signal-exit-4.1.0.tgz"
  integrity sha512-bzyZ1e88w9O1iNJbKnOlvYTrWPDl46O1bG0D3XInv+9tkPrxrN8jUUTiFlDkkmKWgn1M6CfIA13SuGqOa9Korw==

split2@^4.1.0:
  version "4.2.0"
  resolved "https://nexus.exterieur.dassault-aviation.com:8446/repository/npm-public-releases/split2/-/split2-4.2.0.tgz"
  integrity sha512-UcjcJOWknrNkF6PLX83qcHM6KHgVKNkV62Y8a5uYDVv9ydGQVwAHMKqHdJje1VTWpljG0WYpCDhrCdAOYH4TWg==

string-width@^4.1.0:
  version "4.2.3"
  resolved "https://nexus.exterieur.dassault-aviation.com:8446/repository/npm-public-releases/string-width/-/string-width-4.2.3.tgz"
  integrity sha512-wKyQRQpjJ0sIp62ErSZdGsjMJWsap5oRNihHhu6G7JVO/9jIB6UyevL+tXuOqrng8j/cxKTWyWUwvSTriiZz/g==
  dependencies:
    emoji-regex "^8.0.0"
    is-fullwidth-code-point "^3.0.0"
    strip-ansi "^6.0.1"

strip-ansi@^6.0.0, strip-ansi@^6.0.1:
  version "6.0.1"
  resolved "https://nexus.exterieur.dassault-aviation.com:8446/repository/npm-public-releases/strip-ansi/-/strip-ansi-6.0.1.tgz"
  integrity sha512-Y38VPSHcqkFrCpFnQ9vuSXmquuv5oXOKpGeT6aGrr3o3Gc9AlVa6JBfUSOCnbxGGZF+/0ooI7KrPuUSztUdU5A==
  dependencies:
    ansi-regex "^5.0.1"

supports-color@^5.3.0:
  version "5.5.0"
  resolved "https://nexus.exterieur.dassault-aviation.com:8446/repository/npm-public-releases/supports-color/-/supports-color-5.5.0.tgz"
  integrity sha512-QjVjwdXIt408MIiAqCX4oUKsgU2EqAGzs2Ppkm4aQYbjm+ZEWEcW4SfFNTr4uMNZma0ey4f5lgLrkB0aX0QMow==
  dependencies:
    has-flag "^3.0.0"

supports-color@^7.1.0:
  version "7.2.0"
  resolved "https://nexus.exterieur.dassault-aviation.com:8446/repository/npm-public-releases/supports-color/-/supports-color-7.2.0.tgz"
  integrity sha512-qpCAvRl9stuOHveKsn7HncJRvv501qIacKzQlO/+Lwxc9+0q2wLyv4Dfvt80/DPn2pqOBsJdDiogXGR9+OvwRw==
  dependencies:
    has-flag "^4.0.0"

supports-preserve-symlinks-flag@^1.0.0:
  version "1.0.0"
  resolved "https://nexus.exterieur.dassault-aviation.com:8446/repository/npm-public-releases/supports-preserve-symlinks-flag/-/supports-preserve-symlinks-flag-1.0.0.tgz"
  integrity sha512-ot0WnXS9fgdkgIcePe6RHNk1WA8+muPa6cSjeR3V8K27q9BB1rTE3R1p7Hv0z1ZyAc8s6Vvv8DIyWf681MAt0w==

tmp@^0.0.33:
  version "0.0.33"
  resolved "https://nexus.exterieur.dassault-aviation.com:8446/repository/npm-public-releases/tmp/-/tmp-0.0.33.tgz"
  integrity sha512-jRCJlojKnZ3addtTOjdIqoRuPEKBvNXcGYqzO6zWZX8KfKEpnGY5jfggJQ3EjKuu8D4bJRr0y+cYJFmYbImXGw==
  dependencies:
    os-tmpdir "~1.0.2"

to-regex-range@^5.0.1:
  version "5.0.1"
  resolved "https://nexus.exterieur.dassault-aviation.com:8446/repository/npm-public-releases/to-regex-range/-/to-regex-range-5.0.1.tgz"
  integrity sha512-65P7iz6X5yEr1cwcgvQxbbIw7Uk3gOy5dIdtZ4rDveLqhrdJP+Li/Hx6tyK0NEb+2GCyneCMJiGqrADCSNk8sQ==
  dependencies:
    is-number "^7.0.0"

tslib@^2.1.0:
  version "2.8.1"
  resolved "https://nexus.exterieur.dassault-aviation.com:8446/repository/npm-public-releases/tslib/-/tslib-2.8.1.tgz"
  integrity sha512-oJFu94HQb+KVduSUQL7wnpmqnfmLsOA/nAh6b6EH0wCEoK0/mPeXU6c3wKDV83MkOuHPRHtSXKKU99IBazS/2w==

type-fest@^0.21.3:
  version "0.21.3"
  resolved "https://nexus.exterieur.dassault-aviation.com:8446/repository/npm-public-releases/type-fest/-/type-fest-0.21.3.tgz"
  integrity sha512-t0rzBq87m3fVcduHDUFhKmyyX+9eo6WQjZvf51Ea/M0Q7+T374Jp1aUiyUl0GKxp8M/OETVHSDvmkyPgvX+X2w==

undici-types@~7.8.0:
  version "7.8.0"
  resolved "https://nexus.exterieur.dassault-aviation.com:8446/repository/npm-public-releases/undici-types/-/undici-types-7.8.0.tgz"
  integrity sha512-9UJ2xGDvQ43tYyVMpuHlsgApydB8ZKfVYTsLDhXkFL/6gfkp+U8xTGdh8pMJv1SpZna0zxG1DwsKZsreLbXBxw==

wrap-ansi@^6.2.0:
  version "6.2.0"
  resolved "https://nexus.exterieur.dassault-aviation.com:8446/repository/npm-public-releases/wrap-ansi/-/wrap-ansi-6.2.0.tgz"
  integrity sha512-r6lPcBGxZXlIcymEu7InxDMhdW0KDxpLgoFLcguasxCaJ/SOIZwINatK9KY/tf+ZrlywOKU0UDj3ATXUBfxJXA==
  dependencies:
    ansi-styles "^4.0.0"
    string-width "^4.1.0"
    strip-ansi "^6.0.0"

wrappy@1:
  version "1.0.2"
  resolved "https://nexus.exterieur.dassault-aviation.com:8446/repository/npm-public-releases/wrappy/-/wrappy-1.0.2.tgz"
  integrity sha512-l4Sp/DRseor9wL6EvV2+TuQn63dMkPjZ/sp9XkghTEbV9KlPS1xUsZ3u7/IQO4wxtcFB4bgpQPRcR3QCvezPcQ==

xtend@^4.0.0:
  version "4.0.2"
  resolved "https://nexus.exterieur.dassault-aviation.com:8446/repository/npm-public-releases/xtend/-/xtend-4.0.2.tgz"
  integrity sha512-LKYU1iAXJXUgAXn9URjiu+MWhyUXHsvfp7mcuYm9dSUKK0/CjtrUwFAxD82/mCWbtLsGjFIad0wIsod4zrTAEQ==

yoctocolors-cjs@^2.1.2:
  version "2.1.2"
  resolved "https://nexus.exterieur.dassault-aviation.com:8446/repository/npm-public-releases/yoctocolors-cjs/-/yoctocolors-cjs-2.1.2.tgz"
  integrity sha512-cYVsTjKl8b+FrnidjibDWskAv7UKOfcwaVZdp/it9n1s9fU3IkgDbhdIRKCW4JDsAlECJY0ytoVPT3sK6kideA==

zod@^3.24.4:
  version "3.25.76"
  resolved "https://nexus.exterieur.dassault-aviation.com:8446/repository/npm-public-releases/zod/-/zod-3.25.76.tgz"
  integrity sha512-gzUt/qt81nXsFGKIFcC3YnfEAx5NkunCfnDlvuBSSFS02bcXu4Lmea0AFIUwbLWxWPx3d9p8S5QoaujKcNQxcQ==
